
Microsoft Visual Studio Solution File, Format Version 12.00
# Visual Studio 15
VisualStudioVersion = 15.0.28307.421
MinimumVisualStudioVersion = 10.0.40219.1
Project("{FAE04EC0-301F-11D3-BF4B-00C04F79EFBC}") = "Library", "Library\Library.csproj", "{680EE459-C191-4B59-8119-A9AF717481AA}"
EndProject
Global
	GlobalSection(SolutionConfigurationPlatforms) = preSolution
		Debug|Any CPU = Debug|Any CPU
		Release|Any CPU = Release|Any CPU
	EndGlobalSection
	GlobalSection(ProjectConfigurationPlatforms) = postSolution
		{680EE459-C191-4B59-8119-A9AF717481AA}.Debug|Any CPU.ActiveCfg = Debug|Any CPU
		{680EE459-C191-4B59-8119-A9AF717481AA}.Debug|Any CPU.Build.0 = Debug|Any CPU
		{680EE459-C191-4B59-8119-A9AF717481AA}.Release|Any CPU.ActiveCfg = Release|Any CPU
		{680EE459-C191-4B59-8119-A9AF717481AA}.Release|Any CPU.Build.0 = Release|Any CPU
	EndGlobalSection
	GlobalSection(SolutionProperties) = preSolution
		HideSolutionNode = FALSE
	EndGlobalSection
	GlobalSection(ExtensibilityGlobals) = postSolution
		SolutionGuid = {E535E284-3C8E-45A4-AC89-07BA331ACBA4}
	EndGlobalSection
EndGlobal
