
Microsoft Visual Studio Solution File, Format Version 12.00
# Visual Studio 15
VisualStudioVersion = 15.0.28307.421
MinimumVisualStudioVersion = 10.0.40219.1
Project("{FAE04EC0-301F-11D3-BF4B-00C04F79EFBC}") = "library", "library\library.csproj", "{989E5075-6361-4729-A8B3-0B727FE00E04}"
EndProject
Project("{00D1A9C2-B5F0-4AF3-8072-F6C62B433612}") = "libraryDB", "libraryDB\libraryDB.sqlproj", "{E9B2DF93-B047-4510-845C-8392446ECC72}"
EndProject
Global
	GlobalSection(SolutionConfigurationPlatforms) = preSolution
		Debug|Any CPU = Debug|Any CPU
		Release|Any CPU = Release|Any CPU
	EndGlobalSection
	GlobalSection(ProjectConfigurationPlatforms) = postSolution
		{989E5075-6361-4729-A8B3-0B727FE00E04}.Debug|Any CPU.ActiveCfg = Debug|Any CPU
		{989E5075-6361-4729-A8B3-0B727FE00E04}.Debug|Any CPU.Build.0 = Debug|Any CPU
		{989E5075-6361-4729-A8B3-0B727FE00E04}.Release|Any CPU.ActiveCfg = Release|Any CPU
		{989E5075-6361-4729-A8B3-0B727FE00E04}.Release|Any CPU.Build.0 = Release|Any CPU
		{E9B2DF93-B047-4510-845C-8392446ECC72}.Debug|Any CPU.ActiveCfg = Debug|Any CPU
		{E9B2DF93-B047-4510-845C-8392446ECC72}.Debug|Any CPU.Build.0 = Debug|Any CPU
		{E9B2DF93-B047-4510-845C-8392446ECC72}.Debug|Any CPU.Deploy.0 = Debug|Any CPU
		{E9B2DF93-B047-4510-845C-8392446ECC72}.Release|Any CPU.ActiveCfg = Release|Any CPU
		{E9B2DF93-B047-4510-845C-8392446ECC72}.Release|Any CPU.Build.0 = Release|Any CPU
		{E9B2DF93-B047-4510-845C-8392446ECC72}.Release|Any CPU.Deploy.0 = Release|Any CPU
	EndGlobalSection
	GlobalSection(SolutionProperties) = preSolution
		HideSolutionNode = FALSE
	EndGlobalSection
	GlobalSection(ExtensibilityGlobals) = postSolution
		SolutionGuid = {E535E284-3C8E-45A4-AC89-07BA331ACBA4}
	EndGlobalSection
EndGlobal
