
Microsoft Visual Studio Solution File, Format Version 12.00
# Visual Studio 15
VisualStudioVersion = 15.0.28307.421
MinimumVisualStudioVersion = 10.0.40219.1
Project("{FAE04EC0-301F-11D3-BF4B-00C04F79EFBC}") = "kirjasto", "kirjasto\kirjasto.csproj", "{B7FD261E-2642-45CA-B8C0-8A21A98C065E}"
EndProject
Global
	GlobalSection(SolutionConfigurationPlatforms) = preSolution
		Debug|Any CPU = Debug|Any CPU
		Release|Any CPU = Release|Any CPU
	EndGlobalSection
	GlobalSection(ProjectConfigurationPlatforms) = postSolution
		{B7FD261E-2642-45CA-B8C0-8A21A98C065E}.Debug|Any CPU.ActiveCfg = Debug|Any CPU
		{B7FD261E-2642-45CA-B8C0-8A21A98C065E}.Debug|Any CPU.Build.0 = Debug|Any CPU
		{B7FD261E-2642-45CA-B8C0-8A21A98C065E}.Release|Any CPU.ActiveCfg = Release|Any CPU
		{B7FD261E-2642-45CA-B8C0-8A21A98C065E}.Release|Any CPU.Build.0 = Release|Any CPU
	EndGlobalSection
	GlobalSection(SolutionProperties) = preSolution
		HideSolutionNode = FALSE
	EndGlobalSection
	GlobalSection(ExtensibilityGlobals) = postSolution
		SolutionGuid = {55070895-6E94-4C8E-ACE9-6D06AE14E9C7}
	EndGlobalSection
EndGlobal
